{
    "_readme": [
        "This file locks the dependencies of your project to a known state",
        "Read more about it at https://getcomposer.org/doc/01-basic-usage.md#installing-dependencies",
        "This file is @generated automatically"
    ],
    "content-hash": "b04e34908317f670118154f428426deb",
    "packages": [
        {
            "name": "workerman/mqtt",
            "version": "v1.4",
            "source": {
                "type": "git",
                "url": "https://github.com/walkor/mqtt.git",
                "reference": "a841f2bd6a43892760ae202a108b60f03f870cd6"
            },
            "dist": {
                "type": "zip",
                "url": "https://api.github.com/repos/walkor/mqtt/zipball/a841f2bd6a43892760ae202a108b60f03f870cd6",
                "reference": "a841f2bd6a43892760ae202a108b60f03f870cd6",
                "shasum": ""
            },
            "require": {
                "workerman/workerman": ">=3.3.0"
            },
            "suggest": {
                "ext-event": "For better performance. "
            },
            "type": "library",
            "autoload": {
                "psr-4": {
                    "Workerman\\Mqtt\\": "./src"
                }
            },
            "notification-url": "https://packagist.org/downloads/",
            "license": [
                "MIT"
            ],
            "authors": [
                {
                    "name": "walkor",
                    "email": "walkor@workerman.net",
                    "homepage": "https://www.workerman.net",
                    "role": "Developer"
                }
            ],
            "homepage": "https://www.workerman.net",
            "keywords": [
                "event-loop",
                "mqtt",
                "mqtt3",
                "mqtt5.0",
                "mqtt_client",
                "php",
                "workerman"
            ],
            "support": {
                "email": "walkor@workerman.net",
                "issues": "https://github.com/walkor/mqtt/issues",
                "source": "https://github.com/walkor/mqtt/tree/v1.4"
            },
            "time": "2022-12-02T03:33:58+00:00"
        },
        {
            "name": "workerman/workerman",
            "version": "4.1.x-dev",
            "source": {
                "type": "git",
                "url": "https://github.com/walkor/workerman.git",
                "reference": "7e08824335389a6f5355086fde5ce9d971a9cf27"
            },
            "dist": {
                "type": "zip",
                "url": "https://api.github.com/repos/walkor/workerman/zipball/7e08824335389a6f5355086fde5ce9d971a9cf27",
                "reference": "7e08824335389a6f5355086fde5ce9d971a9cf27",
                "shasum": ""
            },
            "require": {
                "php": ">=7.0"
            },
            "suggest": {
                "ext-event": "For better performance. "
            },
            "type": "library",
            "autoload": {
                "psr-4": {
                    "Workerman\\": "./"
                }
            },
            "notification-url": "https://packagist.org/downloads/",
            "license": [
                "MIT"
            ],
            "authors": [
                {
                    "name": "walkor",
                    "email": "walkor@workerman.net",
                    "homepage": "http://www.workerman.net",
                    "role": "Developer"
                }
            ],
            "description": "An asynchronous event driven PHP framework for easily building fast, scalable network applications.",
            "homepage": "http://www.workerman.net",
            "keywords": [
                "asynchronous",
                "event-loop"
            ],
            "support": {
                "email": "walkor@workerman.net",
                "forum": "http://wenda.workerman.net/",
                "issues": "https://github.com/walkor/workerman/issues",
                "source": "https://github.com/walkor/workerman",
                "wiki": "http://doc.workerman.net/"
            },
            "funding": [
                {
                    "url": "https://opencollective.com/workerman",
                    "type": "open_collective"
                },
                {
                    "url": "https://www.patreon.com/walkor",
                    "type": "patreon"
                }
            ],
            "time": "2023-03-17T04:53:24+00:00"
        }
    ],
    "packages-dev": [],
    "aliases": [],
    "minimum-stability": "dev",
    "stability-flags": [],
    "prefer-stable": false,
    "prefer-lowest": false,
    "platform": {
        "php": ">=7.1",
        "ext-mbstring": "*",
        "ext-curl": "*",
        "ext-json": "*",
        "ext-openssl": "*"
    },
    "platform-dev": [],
    "plugin-api-version": "2.1.0"
}
